
Microsoft Visual Studio Solution File, Format Version 12.00
# Visual Studio Version 16
VisualStudioVersion = 16.0.31424.327
MinimumVisualStudioVersion = 10.0.40219.1
Project("{FAE04EC0-301F-11D3-BF4B-00C04F79EFBC}") = "Inventor.Client", "Inventor.Client\Inventor.Client.csproj", "{53163CE5-5303-481B-8625-14B9D9C8A096}"
EndProject
Project("{9A19103F-16F7-4668-BE54-9A1E7A4F7556}") = "Inventor.Core", "Inventor.Core\Inventor.Core.csproj", "{606F68D8-6ABC-445B-BF4C-A21A1BBC06F6}"
EndProject
Project("{FAE04EC0-301F-11D3-BF4B-00C04F79EFBC}") = "Inventor.Test", "Inventor.Test\Inventor.Test.csproj", "{DF675F30-78E6-48B5-9AF1-714FBE99A334}"
EndProject
Project("{2150E333-8FDC-42A3-9474-1A3956D46DE8}") = "Samples", "Samples", "{E468A553-63B3-4913-AA93-BE788A5FF2F3}"
EndProject
Project("{9A19103F-16F7-4668-BE54-9A1E7A4F7556}") = "Samples.01.StatementsAndQuestions", "Samples\Samples.01.StatementsAndQuestions\Samples.01.StatementsAndQuestions.csproj", "{388E2147-9F71-4B06-81D0-80A53534F20B}"
EndProject
Project("{9A19103F-16F7-4668-BE54-9A1E7A4F7556}") = "Samples.02.Comparison", "Samples\Samples.02.Comparison\Samples.02.Comparison.csproj", "{1E535E5B-4A0E-463B-A0F7-17FECA4D6DCE}"
EndProject
Project("{9A19103F-16F7-4668-BE54-9A1E7A4F7556}") = "Samples.03.Processes", "Samples\Samples.03.Processes\Samples.03.Processes.csproj", "{34C8A1ED-683B-483E-A563-7B6E8225D86B}"
EndProject
Project("{FAE04EC0-301F-11D3-BF4B-00C04F79EFBC}") = "Samples.04.CustomQuestion", "Samples\Samples.04.CustomQuestion\Samples.04.CustomQuestion.csproj", "{96330AB4-AD4C-4FFE-BB35-FC7EF05357E6}"
EndProject
Project("{FAE04EC0-301F-11D3-BF4B-00C04F79EFBC}") = "Samples.05.CustomStatement", "Samples\Samples.05.CustomStatement\Samples.05.CustomStatement.csproj", "{21576DF9-66A5-4914-98E5-62E93F2B76D8}"
EndProject
Project("{FAE04EC0-301F-11D3-BF4B-00C04F79EFBC}") = "Samples.06.StructuredText", "Samples\Samples.06.StructuredText\Samples.06.StructuredText.csproj", "{BE5BE0EE-F26F-491B-99DD-32DC3DBEF042}"
EndProject
Global
	GlobalSection(SolutionConfigurationPlatforms) = preSolution
		Debug|Any CPU = Debug|Any CPU
		Release|Any CPU = Release|Any CPU
	EndGlobalSection
	GlobalSection(ProjectConfigurationPlatforms) = postSolution
		{53163CE5-5303-481B-8625-14B9D9C8A096}.Debug|Any CPU.ActiveCfg = Debug|Any CPU
		{53163CE5-5303-481B-8625-14B9D9C8A096}.Debug|Any CPU.Build.0 = Debug|Any CPU
		{53163CE5-5303-481B-8625-14B9D9C8A096}.Release|Any CPU.ActiveCfg = Release|Any CPU
		{53163CE5-5303-481B-8625-14B9D9C8A096}.Release|Any CPU.Build.0 = Release|Any CPU
		{606F68D8-6ABC-445B-BF4C-A21A1BBC06F6}.Debug|Any CPU.ActiveCfg = Debug|Any CPU
		{606F68D8-6ABC-445B-BF4C-A21A1BBC06F6}.Debug|Any CPU.Build.0 = Debug|Any CPU
		{606F68D8-6ABC-445B-BF4C-A21A1BBC06F6}.Release|Any CPU.ActiveCfg = Release|Any CPU
		{606F68D8-6ABC-445B-BF4C-A21A1BBC06F6}.Release|Any CPU.Build.0 = Release|Any CPU
		{DF675F30-78E6-48B5-9AF1-714FBE99A334}.Debug|Any CPU.ActiveCfg = Debug|Any CPU
		{DF675F30-78E6-48B5-9AF1-714FBE99A334}.Debug|Any CPU.Build.0 = Debug|Any CPU
		{DF675F30-78E6-48B5-9AF1-714FBE99A334}.Release|Any CPU.ActiveCfg = Release|Any CPU
		{DF675F30-78E6-48B5-9AF1-714FBE99A334}.Release|Any CPU.Build.0 = Release|Any CPU
		{388E2147-9F71-4B06-81D0-80A53534F20B}.Debug|Any CPU.ActiveCfg = Debug|Any CPU
		{388E2147-9F71-4B06-81D0-80A53534F20B}.Debug|Any CPU.Build.0 = Debug|Any CPU
		{388E2147-9F71-4B06-81D0-80A53534F20B}.Release|Any CPU.ActiveCfg = Release|Any CPU
		{388E2147-9F71-4B06-81D0-80A53534F20B}.Release|Any CPU.Build.0 = Release|Any CPU
		{1E535E5B-4A0E-463B-A0F7-17FECA4D6DCE}.Debug|Any CPU.ActiveCfg = Debug|Any CPU
		{1E535E5B-4A0E-463B-A0F7-17FECA4D6DCE}.Debug|Any CPU.Build.0 = Debug|Any CPU
		{1E535E5B-4A0E-463B-A0F7-17FECA4D6DCE}.Release|Any CPU.ActiveCfg = Release|Any CPU
		{1E535E5B-4A0E-463B-A0F7-17FECA4D6DCE}.Release|Any CPU.Build.0 = Release|Any CPU
		{34C8A1ED-683B-483E-A563-7B6E8225D86B}.Debug|Any CPU.ActiveCfg = Debug|Any CPU
		{34C8A1ED-683B-483E-A563-7B6E8225D86B}.Debug|Any CPU.Build.0 = Debug|Any CPU
		{34C8A1ED-683B-483E-A563-7B6E8225D86B}.Release|Any CPU.ActiveCfg = Release|Any CPU
		{34C8A1ED-683B-483E-A563-7B6E8225D86B}.Release|Any CPU.Build.0 = Release|Any CPU
		{96330AB4-AD4C-4FFE-BB35-FC7EF05357E6}.Debug|Any CPU.ActiveCfg = Debug|Any CPU
		{96330AB4-AD4C-4FFE-BB35-FC7EF05357E6}.Debug|Any CPU.Build.0 = Debug|Any CPU
		{96330AB4-AD4C-4FFE-BB35-FC7EF05357E6}.Release|Any CPU.ActiveCfg = Release|Any CPU
		{96330AB4-AD4C-4FFE-BB35-FC7EF05357E6}.Release|Any CPU.Build.0 = Release|Any CPU
		{21576DF9-66A5-4914-98E5-62E93F2B76D8}.Debug|Any CPU.ActiveCfg = Debug|Any CPU
		{21576DF9-66A5-4914-98E5-62E93F2B76D8}.Debug|Any CPU.Build.0 = Debug|Any CPU
		{21576DF9-66A5-4914-98E5-62E93F2B76D8}.Release|Any CPU.ActiveCfg = Release|Any CPU
		{21576DF9-66A5-4914-98E5-62E93F2B76D8}.Release|Any CPU.Build.0 = Release|Any CPU
		{BE5BE0EE-F26F-491B-99DD-32DC3DBEF042}.Debug|Any CPU.ActiveCfg = Debug|Any CPU
		{BE5BE0EE-F26F-491B-99DD-32DC3DBEF042}.Debug|Any CPU.Build.0 = Debug|Any CPU
		{BE5BE0EE-F26F-491B-99DD-32DC3DBEF042}.Release|Any CPU.ActiveCfg = Release|Any CPU
		{BE5BE0EE-F26F-491B-99DD-32DC3DBEF042}.Release|Any CPU.Build.0 = Release|Any CPU
	EndGlobalSection
	GlobalSection(SolutionProperties) = preSolution
		HideSolutionNode = FALSE
	EndGlobalSection
	GlobalSection(NestedProjects) = preSolution
		{388E2147-9F71-4B06-81D0-80A53534F20B} = {E468A553-63B3-4913-AA93-BE788A5FF2F3}
		{1E535E5B-4A0E-463B-A0F7-17FECA4D6DCE} = {E468A553-63B3-4913-AA93-BE788A5FF2F3}
		{34C8A1ED-683B-483E-A563-7B6E8225D86B} = {E468A553-63B3-4913-AA93-BE788A5FF2F3}
		{96330AB4-AD4C-4FFE-BB35-FC7EF05357E6} = {E468A553-63B3-4913-AA93-BE788A5FF2F3}
		{21576DF9-66A5-4914-98E5-62E93F2B76D8} = {E468A553-63B3-4913-AA93-BE788A5FF2F3}
		{BE5BE0EE-F26F-491B-99DD-32DC3DBEF042} = {E468A553-63B3-4913-AA93-BE788A5FF2F3}
	EndGlobalSection
	GlobalSection(ExtensibilityGlobals) = postSolution
		SolutionGuid = {C59EB050-9F3F-424B-B1B6-86B16C7AC659}
	EndGlobalSection
EndGlobal
